
Microsoft Visual Studio Solution File, Format Version 12.00
# Visual Studio 2012
Project("{FAE04EC0-301F-11D3-BF4B-00C04F79EFBC}") = "TetriNET.ConsoleWCFClient", "TetriNET.ConsoleWCFClient\TetriNET.ConsoleWCFClient.csproj", "{DF0E62BB-86B0-4FAC-B731-0CD62C90CEB7}"
EndProject
Project("{FAE04EC0-301F-11D3-BF4B-00C04F79EFBC}") = "TetriNET.Common", "TetriNET.Common\TetriNET.Common.csproj", "{195BE21E-603A-4858-A805-09C59107C5A7}"
EndProject
Project("{2150E333-8FDC-42A3-9474-1A3956D46DE8}") = "0 - Solution Items", "0 - Solution Items", "{FC7535D6-F0F4-4654-A0D1-3973B05218A1}"
	ProjectSection(SolutionItems) = preProject
		readme.txt = readme.txt
	EndProjectSection
EndProject
Project("{FAE04EC0-301F-11D3-BF4B-00C04F79EFBC}") = "POC", "POC\POC.csproj", "{D74766FE-4A1E-4668-879A-A85BD738F104}"
EndProject
Project("{FAE04EC0-301F-11D3-BF4B-00C04F79EFBC}") = "TetriNET.ConsoleWCFServer", "TetriNET.ConsoleWCFServer\TetriNET.ConsoleWCFServer.csproj", "{A2BAD88B-73BB-4B79-B30B-ABFB4FD2C1C4}"
EndProject
Project("{FAE04EC0-301F-11D3-BF4B-00C04F79EFBC}") = "TetriNET.Client", "TetriNET.Client\TetriNET.Client.csproj", "{FD867B2E-A1C2-4052-AF79-EF69AED92597}"
EndProject
Project("{FAE04EC0-301F-11D3-BF4B-00C04F79EFBC}") = "TetriNET.Server", "TetriNET.Server\TetriNET.Server.csproj", "{161C5DDA-F2A8-400E-9702-3C4B45FFB772}"
EndProject
Project("{FAE04EC0-301F-11D3-BF4B-00C04F79EFBC}") = "StandardTetris", "StandardTetris\StandardTetris.csproj", "{3B3E216B-6A76-49BC-B64A-4561D0A7B0CC}"
EndProject
Project("{FAE04EC0-301F-11D3-BF4B-00C04F79EFBC}") = "TetriNET.Client.WCFProxy", "TetriNET.Client.WCFProxy\TetriNET.Client.WCFProxy.csproj", "{B85B19F2-5C8D-4AB8-96E2-379B482089F9}"
EndProject
Project("{FAE04EC0-301F-11D3-BF4B-00C04F79EFBC}") = "TetriNET.Server.WCFHost", "TetriNET.Server.WCFHost\TetriNET.Server.WCFHost.csproj", "{0D26F900-9E0D-4FBD-B7B0-5DA679C71491}"
EndProject
Project("{FAE04EC0-301F-11D3-BF4B-00C04F79EFBC}") = "TetriNET.Server.GenericHost", "TetriNET.Server.GenericHost\TetriNET.Server.GenericHost.csproj", "{010B434D-86F0-4BFF-B17B-702BCCCF69F5}"
EndProject
Project("{FAE04EC0-301F-11D3-BF4B-00C04F79EFBC}") = "TetriNET.WPF-WCF-Client", "TetriNET.WPF-WCF-Client\TetriNET.WPF-WCF-Client.csproj", "{C412C1E3-BDEC-405C-905B-B24F6EF053FF}"
EndProject
Project("{FAE04EC0-301F-11D3-BF4B-00C04F79EFBC}") = "TetriNET.Common.Logger", "TetriNET.Common.Logger\TetriNET.Common.Logger.csproj", "{1C6B89EB-A58A-4673-A70A-C00BBC325848}"
EndProject
Project("{FAE04EC0-301F-11D3-BF4B-00C04F79EFBC}") = "TetriNET.Client.Strategy", "TetriNET.Client.Strategy\TetriNET.Client.Strategy.csproj", "{B77D651E-658C-45D4-972A-3C0D569D689E}"
EndProject
Project("{2150E333-8FDC-42A3-9474-1A3956D46DE8}") = "Images", "Images", "{C9AD63A5-DD1F-44E7-8612-26CBA1AF5385}"
	ProjectSection(SolutionItems) = preProject
		Images\tetrinet2.bmp = Images\tetrinet2.bmp
		Images\TNETBLKS.BMP = Images\TNETBLKS.BMP
		Images\x2mod.bmp = Images\x2mod.bmp
	EndProjectSection
EndProject
Project("{FAE04EC0-301F-11D3-BF4B-00C04F79EFBC}") = "TetriNET.Tests", "TetriNET.Tests\TetriNET.Tests.csproj", "{26093219-1A7A-4806-9EBE-1E2CE21CF5E8}"
EndProject
Project("{FAE04EC0-301F-11D3-BF4B-00C04F79EFBC}") = "TetriNET.Client.Pieces", "TetriNET.Client.Pieces\TetriNET.Client.Pieces.csproj", "{2BD5936F-015D-473F-9161-6B837EF3A3BA}"
EndProject
Project("{FAE04EC0-301F-11D3-BF4B-00C04F79EFBC}") = "ServiceModelEx", "ServiceModelEx\ServiceModelEx.csproj", "{0858C710-AF53-4049-B98E-CFE3638D1228}"
EndProject
Project("{2150E333-8FDC-42A3-9474-1A3956D46DE8}") = "1 - Common", "1 - Common", "{689BA29A-6241-4117-B3DA-A74E620ADE40}"
EndProject
Project("{2150E333-8FDC-42A3-9474-1A3956D46DE8}") = "3 - Server", "3 - Server", "{F8BFFE9D-7ACB-4D6C-A327-31D81A67805F}"
EndProject
Project("{2150E333-8FDC-42A3-9474-1A3956D46DE8}") = "2 - Client", "2 - Client", "{84C3EDE0-43BE-41C6-9366-489D78305B6F}"
EndProject
Project("{2150E333-8FDC-42A3-9474-1A3956D46DE8}") = "5 - POC", "5 - POC", "{216467D2-863B-488B-ACBD-69EDA0461CBC}"
EndProject
Project("{2150E333-8FDC-42A3-9474-1A3956D46DE8}") = "Libraries", "Libraries", "{3B785C04-C291-4980-84F0-E73E72024D41}"
EndProject
Project("{2150E333-8FDC-42A3-9474-1A3956D46DE8}") = "Apps", "Apps", "{9CB02949-4BE2-4196-85FD-98B440F28216}"
EndProject
Project("{2150E333-8FDC-42A3-9474-1A3956D46DE8}") = "Libraries", "Libraries", "{9138D55C-FA3F-468B-ACAF-B08BC2184D7C}"
EndProject
Project("{2150E333-8FDC-42A3-9474-1A3956D46DE8}") = "Apps", "Apps", "{5BB43239-C825-41D5-AA08-82AA5BDFD993}"
EndProject
Project("{2150E333-8FDC-42A3-9474-1A3956D46DE8}") = "4 - Tests", "4 - Tests", "{8CF53BA9-1FD4-4929-9682-F9DFBCF2E2F0}"
EndProject
Project("{FAE04EC0-301F-11D3-BF4B-00C04F79EFBC}") = "TetriNET.Client.Interfaces", "TetriNET.Client.Interfaces\TetriNET.Client.Interfaces.csproj", "{85B3313B-F31A-45BE-8BF6-8AE55AE484B0}"
EndProject
Project("{FAE04EC0-301F-11D3-BF4B-00C04F79EFBC}") = "TetriNET.Server.Interfaces", "TetriNET.Server.Interfaces\TetriNET.Server.Interfaces.csproj", "{546C0189-9339-4DE6-902A-F38550C5A517}"
EndProject
Project("{FAE04EC0-301F-11D3-BF4B-00C04F79EFBC}") = "TetriNET.Client.Board", "TetriNET.Client.Board\TetriNET.Client.Board.csproj", "{C1D244A2-A501-455E-8522-354F3E5470F8}"
EndProject
Project("{FAE04EC0-301F-11D3-BF4B-00C04F79EFBC}") = "TetriNET.Client.Achievements", "TetriNET.Client.Achievements\TetriNET.Client.Achievements.csproj", "{D10DD72D-BC4A-4B47-9568-74C29BC067CD}"
EndProject
Global
	GlobalSection(SolutionConfigurationPlatforms) = preSolution
		Debug|Any CPU = Debug|Any CPU
		Debug|Mixed Platforms = Debug|Mixed Platforms
		Debug|x86 = Debug|x86
		Design|Any CPU = Design|Any CPU
		Design|Mixed Platforms = Design|Mixed Platforms
		Design|x86 = Design|x86
		Release|Any CPU = Release|Any CPU
		Release|Mixed Platforms = Release|Mixed Platforms
		Release|x86 = Release|x86
	EndGlobalSection
	GlobalSection(ProjectConfigurationPlatforms) = postSolution
		{DF0E62BB-86B0-4FAC-B731-0CD62C90CEB7}.Debug|Any CPU.ActiveCfg = Debug|Any CPU
		{DF0E62BB-86B0-4FAC-B731-0CD62C90CEB7}.Debug|Any CPU.Build.0 = Debug|Any CPU
		{DF0E62BB-86B0-4FAC-B731-0CD62C90CEB7}.Debug|Mixed Platforms.ActiveCfg = Debug|Any CPU
		{DF0E62BB-86B0-4FAC-B731-0CD62C90CEB7}.Debug|Mixed Platforms.Build.0 = Debug|Any CPU
		{DF0E62BB-86B0-4FAC-B731-0CD62C90CEB7}.Debug|x86.ActiveCfg = Debug|Any CPU
		{DF0E62BB-86B0-4FAC-B731-0CD62C90CEB7}.Design|Any CPU.ActiveCfg = Debug|Any CPU
		{DF0E62BB-86B0-4FAC-B731-0CD62C90CEB7}.Design|Any CPU.Build.0 = Debug|Any CPU
		{DF0E62BB-86B0-4FAC-B731-0CD62C90CEB7}.Design|Mixed Platforms.ActiveCfg = Debug|Any CPU
		{DF0E62BB-86B0-4FAC-B731-0CD62C90CEB7}.Design|Mixed Platforms.Build.0 = Debug|Any CPU
		{DF0E62BB-86B0-4FAC-B731-0CD62C90CEB7}.Design|x86.ActiveCfg = Debug|Any CPU
		{DF0E62BB-86B0-4FAC-B731-0CD62C90CEB7}.Release|Any CPU.ActiveCfg = Release|Any CPU
		{DF0E62BB-86B0-4FAC-B731-0CD62C90CEB7}.Release|Any CPU.Build.0 = Release|Any CPU
		{DF0E62BB-86B0-4FAC-B731-0CD62C90CEB7}.Release|Mixed Platforms.ActiveCfg = Release|Any CPU
		{DF0E62BB-86B0-4FAC-B731-0CD62C90CEB7}.Release|Mixed Platforms.Build.0 = Release|Any CPU
		{DF0E62BB-86B0-4FAC-B731-0CD62C90CEB7}.Release|x86.ActiveCfg = Release|Any CPU
		{195BE21E-603A-4858-A805-09C59107C5A7}.Debug|Any CPU.ActiveCfg = Debug|Any CPU
		{195BE21E-603A-4858-A805-09C59107C5A7}.Debug|Any CPU.Build.0 = Debug|Any CPU
		{195BE21E-603A-4858-A805-09C59107C5A7}.Debug|Mixed Platforms.ActiveCfg = Debug|Any CPU
		{195BE21E-603A-4858-A805-09C59107C5A7}.Debug|Mixed Platforms.Build.0 = Debug|Any CPU
		{195BE21E-603A-4858-A805-09C59107C5A7}.Debug|x86.ActiveCfg = Debug|Any CPU
		{195BE21E-603A-4858-A805-09C59107C5A7}.Design|Any CPU.ActiveCfg = Debug|Any CPU
		{195BE21E-603A-4858-A805-09C59107C5A7}.Design|Any CPU.Build.0 = Debug|Any CPU
		{195BE21E-603A-4858-A805-09C59107C5A7}.Design|Mixed Platforms.ActiveCfg = Debug|Any CPU
		{195BE21E-603A-4858-A805-09C59107C5A7}.Design|Mixed Platforms.Build.0 = Debug|Any CPU
		{195BE21E-603A-4858-A805-09C59107C5A7}.Design|x86.ActiveCfg = Debug|Any CPU
		{195BE21E-603A-4858-A805-09C59107C5A7}.Release|Any CPU.ActiveCfg = Release|Any CPU
		{195BE21E-603A-4858-A805-09C59107C5A7}.Release|Any CPU.Build.0 = Release|Any CPU
		{195BE21E-603A-4858-A805-09C59107C5A7}.Release|Mixed Platforms.ActiveCfg = Release|Any CPU
		{195BE21E-603A-4858-A805-09C59107C5A7}.Release|Mixed Platforms.Build.0 = Release|Any CPU
		{195BE21E-603A-4858-A805-09C59107C5A7}.Release|x86.ActiveCfg = Release|Any CPU
		{D74766FE-4A1E-4668-879A-A85BD738F104}.Debug|Any CPU.ActiveCfg = Debug|Any CPU
		{D74766FE-4A1E-4668-879A-A85BD738F104}.Debug|Any CPU.Build.0 = Debug|Any CPU
		{D74766FE-4A1E-4668-879A-A85BD738F104}.Debug|Mixed Platforms.ActiveCfg = Debug|Any CPU
		{D74766FE-4A1E-4668-879A-A85BD738F104}.Debug|Mixed Platforms.Build.0 = Debug|Any CPU
		{D74766FE-4A1E-4668-879A-A85BD738F104}.Debug|x86.ActiveCfg = Debug|Any CPU
		{D74766FE-4A1E-4668-879A-A85BD738F104}.Design|Any CPU.ActiveCfg = Debug|Any CPU
		{D74766FE-4A1E-4668-879A-A85BD738F104}.Design|Mixed Platforms.ActiveCfg = Debug|Any CPU
		{D74766FE-4A1E-4668-879A-A85BD738F104}.Design|x86.ActiveCfg = Debug|Any CPU
		{D74766FE-4A1E-4668-879A-A85BD738F104}.Release|Any CPU.ActiveCfg = Release|Any CPU
		{D74766FE-4A1E-4668-879A-A85BD738F104}.Release|Any CPU.Build.0 = Release|Any CPU
		{D74766FE-4A1E-4668-879A-A85BD738F104}.Release|Mixed Platforms.ActiveCfg = Release|Any CPU
		{D74766FE-4A1E-4668-879A-A85BD738F104}.Release|Mixed Platforms.Build.0 = Release|Any CPU
		{D74766FE-4A1E-4668-879A-A85BD738F104}.Release|x86.ActiveCfg = Release|Any CPU
		{A2BAD88B-73BB-4B79-B30B-ABFB4FD2C1C4}.Debug|Any CPU.ActiveCfg = Debug|Any CPU
		{A2BAD88B-73BB-4B79-B30B-ABFB4FD2C1C4}.Debug|Any CPU.Build.0 = Debug|Any CPU
		{A2BAD88B-73BB-4B79-B30B-ABFB4FD2C1C4}.Debug|Mixed Platforms.ActiveCfg = Debug|Any CPU
		{A2BAD88B-73BB-4B79-B30B-ABFB4FD2C1C4}.Debug|Mixed Platforms.Build.0 = Debug|Any CPU
		{A2BAD88B-73BB-4B79-B30B-ABFB4FD2C1C4}.Debug|x86.ActiveCfg = Debug|Any CPU
		{A2BAD88B-73BB-4B79-B30B-ABFB4FD2C1C4}.Design|Any CPU.ActiveCfg = Debug|Any CPU
		{A2BAD88B-73BB-4B79-B30B-ABFB4FD2C1C4}.Design|Any CPU.Build.0 = Debug|Any CPU
		{A2BAD88B-73BB-4B79-B30B-ABFB4FD2C1C4}.Design|Mixed Platforms.ActiveCfg = Debug|Any CPU
		{A2BAD88B-73BB-4B79-B30B-ABFB4FD2C1C4}.Design|Mixed Platforms.Build.0 = Debug|Any CPU
		{A2BAD88B-73BB-4B79-B30B-ABFB4FD2C1C4}.Design|x86.ActiveCfg = Debug|Any CPU
		{A2BAD88B-73BB-4B79-B30B-ABFB4FD2C1C4}.Release|Any CPU.ActiveCfg = Release|Any CPU
		{A2BAD88B-73BB-4B79-B30B-ABFB4FD2C1C4}.Release|Any CPU.Build.0 = Release|Any CPU
		{A2BAD88B-73BB-4B79-B30B-ABFB4FD2C1C4}.Release|Mixed Platforms.ActiveCfg = Release|Any CPU
		{A2BAD88B-73BB-4B79-B30B-ABFB4FD2C1C4}.Release|Mixed Platforms.Build.0 = Release|Any CPU
		{A2BAD88B-73BB-4B79-B30B-ABFB4FD2C1C4}.Release|x86.ActiveCfg = Release|Any CPU
		{FD867B2E-A1C2-4052-AF79-EF69AED92597}.Debug|Any CPU.ActiveCfg = Debug|Any CPU
		{FD867B2E-A1C2-4052-AF79-EF69AED92597}.Debug|Any CPU.Build.0 = Debug|Any CPU
		{FD867B2E-A1C2-4052-AF79-EF69AED92597}.Debug|Mixed Platforms.ActiveCfg = Debug|Any CPU
		{FD867B2E-A1C2-4052-AF79-EF69AED92597}.Debug|Mixed Platforms.Build.0 = Debug|Any CPU
		{FD867B2E-A1C2-4052-AF79-EF69AED92597}.Debug|x86.ActiveCfg = Debug|Any CPU
		{FD867B2E-A1C2-4052-AF79-EF69AED92597}.Design|Any CPU.ActiveCfg = Debug|Any CPU
		{FD867B2E-A1C2-4052-AF79-EF69AED92597}.Design|Any CPU.Build.0 = Debug|Any CPU
		{FD867B2E-A1C2-4052-AF79-EF69AED92597}.Design|Mixed Platforms.ActiveCfg = Debug|Any CPU
		{FD867B2E-A1C2-4052-AF79-EF69AED92597}.Design|Mixed Platforms.Build.0 = Debug|Any CPU
		{FD867B2E-A1C2-4052-AF79-EF69AED92597}.Design|x86.ActiveCfg = Debug|Any CPU
		{FD867B2E-A1C2-4052-AF79-EF69AED92597}.Release|Any CPU.ActiveCfg = Release|Any CPU
		{FD867B2E-A1C2-4052-AF79-EF69AED92597}.Release|Any CPU.Build.0 = Release|Any CPU
		{FD867B2E-A1C2-4052-AF79-EF69AED92597}.Release|Mixed Platforms.ActiveCfg = Release|Any CPU
		{FD867B2E-A1C2-4052-AF79-EF69AED92597}.Release|Mixed Platforms.Build.0 = Release|Any CPU
		{FD867B2E-A1C2-4052-AF79-EF69AED92597}.Release|x86.ActiveCfg = Release|Any CPU
		{161C5DDA-F2A8-400E-9702-3C4B45FFB772}.Debug|Any CPU.ActiveCfg = Debug|Any CPU
		{161C5DDA-F2A8-400E-9702-3C4B45FFB772}.Debug|Any CPU.Build.0 = Debug|Any CPU
		{161C5DDA-F2A8-400E-9702-3C4B45FFB772}.Debug|Mixed Platforms.ActiveCfg = Debug|Any CPU
		{161C5DDA-F2A8-400E-9702-3C4B45FFB772}.Debug|Mixed Platforms.Build.0 = Debug|Any CPU
		{161C5DDA-F2A8-400E-9702-3C4B45FFB772}.Debug|x86.ActiveCfg = Debug|Any CPU
		{161C5DDA-F2A8-400E-9702-3C4B45FFB772}.Design|Any CPU.ActiveCfg = Debug|Any CPU
		{161C5DDA-F2A8-400E-9702-3C4B45FFB772}.Design|Any CPU.Build.0 = Debug|Any CPU
		{161C5DDA-F2A8-400E-9702-3C4B45FFB772}.Design|Mixed Platforms.ActiveCfg = Debug|Any CPU
		{161C5DDA-F2A8-400E-9702-3C4B45FFB772}.Design|Mixed Platforms.Build.0 = Debug|Any CPU
		{161C5DDA-F2A8-400E-9702-3C4B45FFB772}.Design|x86.ActiveCfg = Debug|Any CPU
		{161C5DDA-F2A8-400E-9702-3C4B45FFB772}.Release|Any CPU.ActiveCfg = Release|Any CPU
		{161C5DDA-F2A8-400E-9702-3C4B45FFB772}.Release|Any CPU.Build.0 = Release|Any CPU
		{161C5DDA-F2A8-400E-9702-3C4B45FFB772}.Release|Mixed Platforms.ActiveCfg = Release|Any CPU
		{161C5DDA-F2A8-400E-9702-3C4B45FFB772}.Release|Mixed Platforms.Build.0 = Release|Any CPU
		{161C5DDA-F2A8-400E-9702-3C4B45FFB772}.Release|x86.ActiveCfg = Release|Any CPU
		{3B3E216B-6A76-49BC-B64A-4561D0A7B0CC}.Debug|Any CPU.ActiveCfg = Debug|Any CPU
		{3B3E216B-6A76-49BC-B64A-4561D0A7B0CC}.Debug|Any CPU.Build.0 = Debug|Any CPU
		{3B3E216B-6A76-49BC-B64A-4561D0A7B0CC}.Debug|Mixed Platforms.ActiveCfg = Debug|Any CPU
		{3B3E216B-6A76-49BC-B64A-4561D0A7B0CC}.Debug|Mixed Platforms.Build.0 = Debug|Any CPU
		{3B3E216B-6A76-49BC-B64A-4561D0A7B0CC}.Debug|x86.ActiveCfg = Debug|Any CPU
		{3B3E216B-6A76-49BC-B64A-4561D0A7B0CC}.Design|Any CPU.ActiveCfg = Debug|Any CPU
		{3B3E216B-6A76-49BC-B64A-4561D0A7B0CC}.Design|Mixed Platforms.ActiveCfg = Debug|Any CPU
		{3B3E216B-6A76-49BC-B64A-4561D0A7B0CC}.Design|x86.ActiveCfg = Debug|Any CPU
		{3B3E216B-6A76-49BC-B64A-4561D0A7B0CC}.Release|Any CPU.ActiveCfg = Release|Any CPU
		{3B3E216B-6A76-49BC-B64A-4561D0A7B0CC}.Release|Any CPU.Build.0 = Release|Any CPU
		{3B3E216B-6A76-49BC-B64A-4561D0A7B0CC}.Release|Mixed Platforms.ActiveCfg = Release|Any CPU
		{3B3E216B-6A76-49BC-B64A-4561D0A7B0CC}.Release|Mixed Platforms.Build.0 = Release|Any CPU
		{3B3E216B-6A76-49BC-B64A-4561D0A7B0CC}.Release|x86.ActiveCfg = Release|Any CPU
		{B85B19F2-5C8D-4AB8-96E2-379B482089F9}.Debug|Any CPU.ActiveCfg = Debug|Any CPU
		{B85B19F2-5C8D-4AB8-96E2-379B482089F9}.Debug|Any CPU.Build.0 = Debug|Any CPU
		{B85B19F2-5C8D-4AB8-96E2-379B482089F9}.Debug|Mixed Platforms.ActiveCfg = Debug|Any CPU
		{B85B19F2-5C8D-4AB8-96E2-379B482089F9}.Debug|Mixed Platforms.Build.0 = Debug|Any CPU
		{B85B19F2-5C8D-4AB8-96E2-379B482089F9}.Debug|x86.ActiveCfg = Debug|Any CPU
		{B85B19F2-5C8D-4AB8-96E2-379B482089F9}.Design|Any CPU.ActiveCfg = Debug|Any CPU
		{B85B19F2-5C8D-4AB8-96E2-379B482089F9}.Design|Any CPU.Build.0 = Debug|Any CPU
		{B85B19F2-5C8D-4AB8-96E2-379B482089F9}.Design|Mixed Platforms.ActiveCfg = Debug|Any CPU
		{B85B19F2-5C8D-4AB8-96E2-379B482089F9}.Design|Mixed Platforms.Build.0 = Debug|Any CPU
		{B85B19F2-5C8D-4AB8-96E2-379B482089F9}.Design|x86.ActiveCfg = Debug|Any CPU
		{B85B19F2-5C8D-4AB8-96E2-379B482089F9}.Release|Any CPU.ActiveCfg = Release|Any CPU
		{B85B19F2-5C8D-4AB8-96E2-379B482089F9}.Release|Any CPU.Build.0 = Release|Any CPU
		{B85B19F2-5C8D-4AB8-96E2-379B482089F9}.Release|Mixed Platforms.ActiveCfg = Release|Any CPU
		{B85B19F2-5C8D-4AB8-96E2-379B482089F9}.Release|Mixed Platforms.Build.0 = Release|Any CPU
		{B85B19F2-5C8D-4AB8-96E2-379B482089F9}.Release|x86.ActiveCfg = Release|Any CPU
		{0D26F900-9E0D-4FBD-B7B0-5DA679C71491}.Debug|Any CPU.ActiveCfg = Debug|Any CPU
		{0D26F900-9E0D-4FBD-B7B0-5DA679C71491}.Debug|Any CPU.Build.0 = Debug|Any CPU
		{0D26F900-9E0D-4FBD-B7B0-5DA679C71491}.Debug|Mixed Platforms.ActiveCfg = Debug|Any CPU
		{0D26F900-9E0D-4FBD-B7B0-5DA679C71491}.Debug|Mixed Platforms.Build.0 = Debug|Any CPU
		{0D26F900-9E0D-4FBD-B7B0-5DA679C71491}.Debug|x86.ActiveCfg = Debug|Any CPU
		{0D26F900-9E0D-4FBD-B7B0-5DA679C71491}.Design|Any CPU.ActiveCfg = Debug|Any CPU
		{0D26F900-9E0D-4FBD-B7B0-5DA679C71491}.Design|Any CPU.Build.0 = Debug|Any CPU
		{0D26F900-9E0D-4FBD-B7B0-5DA679C71491}.Design|Mixed Platforms.ActiveCfg = Debug|Any CPU
		{0D26F900-9E0D-4FBD-B7B0-5DA679C71491}.Design|Mixed Platforms.Build.0 = Debug|Any CPU
		{0D26F900-9E0D-4FBD-B7B0-5DA679C71491}.Design|x86.ActiveCfg = Debug|Any CPU
		{0D26F900-9E0D-4FBD-B7B0-5DA679C71491}.Release|Any CPU.ActiveCfg = Release|Any CPU
		{0D26F900-9E0D-4FBD-B7B0-5DA679C71491}.Release|Any CPU.Build.0 = Release|Any CPU
		{0D26F900-9E0D-4FBD-B7B0-5DA679C71491}.Release|Mixed Platforms.ActiveCfg = Release|Any CPU
		{0D26F900-9E0D-4FBD-B7B0-5DA679C71491}.Release|Mixed Platforms.Build.0 = Release|Any CPU
		{0D26F900-9E0D-4FBD-B7B0-5DA679C71491}.Release|x86.ActiveCfg = Release|Any CPU
		{010B434D-86F0-4BFF-B17B-702BCCCF69F5}.Debug|Any CPU.ActiveCfg = Debug|Any CPU
		{010B434D-86F0-4BFF-B17B-702BCCCF69F5}.Debug|Any CPU.Build.0 = Debug|Any CPU
		{010B434D-86F0-4BFF-B17B-702BCCCF69F5}.Debug|Mixed Platforms.ActiveCfg = Debug|Any CPU
		{010B434D-86F0-4BFF-B17B-702BCCCF69F5}.Debug|Mixed Platforms.Build.0 = Debug|Any CPU
		{010B434D-86F0-4BFF-B17B-702BCCCF69F5}.Debug|x86.ActiveCfg = Debug|Any CPU
		{010B434D-86F0-4BFF-B17B-702BCCCF69F5}.Design|Any CPU.ActiveCfg = Debug|Any CPU
		{010B434D-86F0-4BFF-B17B-702BCCCF69F5}.Design|Any CPU.Build.0 = Debug|Any CPU
		{010B434D-86F0-4BFF-B17B-702BCCCF69F5}.Design|Mixed Platforms.ActiveCfg = Debug|Any CPU
		{010B434D-86F0-4BFF-B17B-702BCCCF69F5}.Design|Mixed Platforms.Build.0 = Debug|Any CPU
		{010B434D-86F0-4BFF-B17B-702BCCCF69F5}.Design|x86.ActiveCfg = Debug|Any CPU
		{010B434D-86F0-4BFF-B17B-702BCCCF69F5}.Release|Any CPU.ActiveCfg = Release|Any CPU
		{010B434D-86F0-4BFF-B17B-702BCCCF69F5}.Release|Any CPU.Build.0 = Release|Any CPU
		{010B434D-86F0-4BFF-B17B-702BCCCF69F5}.Release|Mixed Platforms.ActiveCfg = Release|Any CPU
		{010B434D-86F0-4BFF-B17B-702BCCCF69F5}.Release|Mixed Platforms.Build.0 = Release|Any CPU
		{010B434D-86F0-4BFF-B17B-702BCCCF69F5}.Release|x86.ActiveCfg = Release|Any CPU
		{C412C1E3-BDEC-405C-905B-B24F6EF053FF}.Debug|Any CPU.ActiveCfg = Debug|Any CPU
		{C412C1E3-BDEC-405C-905B-B24F6EF053FF}.Debug|Any CPU.Build.0 = Debug|Any CPU
		{C412C1E3-BDEC-405C-905B-B24F6EF053FF}.Debug|Mixed Platforms.ActiveCfg = Debug|Any CPU
		{C412C1E3-BDEC-405C-905B-B24F6EF053FF}.Debug|Mixed Platforms.Build.0 = Debug|Any CPU
		{C412C1E3-BDEC-405C-905B-B24F6EF053FF}.Debug|x86.ActiveCfg = Debug|Any CPU
		{C412C1E3-BDEC-405C-905B-B24F6EF053FF}.Design|Any CPU.ActiveCfg = Debug|Any CPU
		{C412C1E3-BDEC-405C-905B-B24F6EF053FF}.Design|Any CPU.Build.0 = Debug|Any CPU
		{C412C1E3-BDEC-405C-905B-B24F6EF053FF}.Design|Mixed Platforms.ActiveCfg = Debug|Any CPU
		{C412C1E3-BDEC-405C-905B-B24F6EF053FF}.Design|Mixed Platforms.Build.0 = Debug|Any CPU
		{C412C1E3-BDEC-405C-905B-B24F6EF053FF}.Design|x86.ActiveCfg = Debug|Any CPU
		{C412C1E3-BDEC-405C-905B-B24F6EF053FF}.Release|Any CPU.ActiveCfg = Release|Any CPU
		{C412C1E3-BDEC-405C-905B-B24F6EF053FF}.Release|Any CPU.Build.0 = Release|Any CPU
		{C412C1E3-BDEC-405C-905B-B24F6EF053FF}.Release|Mixed Platforms.ActiveCfg = Release|Any CPU
		{C412C1E3-BDEC-405C-905B-B24F6EF053FF}.Release|Mixed Platforms.Build.0 = Release|Any CPU
		{C412C1E3-BDEC-405C-905B-B24F6EF053FF}.Release|x86.ActiveCfg = Release|Any CPU
		{1C6B89EB-A58A-4673-A70A-C00BBC325848}.Debug|Any CPU.ActiveCfg = Debug|Any CPU
		{1C6B89EB-A58A-4673-A70A-C00BBC325848}.Debug|Any CPU.Build.0 = Debug|Any CPU
		{1C6B89EB-A58A-4673-A70A-C00BBC325848}.Debug|Mixed Platforms.ActiveCfg = Debug|Any CPU
		{1C6B89EB-A58A-4673-A70A-C00BBC325848}.Debug|Mixed Platforms.Build.0 = Debug|Any CPU
		{1C6B89EB-A58A-4673-A70A-C00BBC325848}.Debug|x86.ActiveCfg = Debug|Any CPU
		{1C6B89EB-A58A-4673-A70A-C00BBC325848}.Design|Any CPU.ActiveCfg = Debug|Any CPU
		{1C6B89EB-A58A-4673-A70A-C00BBC325848}.Design|Any CPU.Build.0 = Debug|Any CPU
		{1C6B89EB-A58A-4673-A70A-C00BBC325848}.Design|Mixed Platforms.ActiveCfg = Debug|Any CPU
		{1C6B89EB-A58A-4673-A70A-C00BBC325848}.Design|Mixed Platforms.Build.0 = Debug|Any CPU
		{1C6B89EB-A58A-4673-A70A-C00BBC325848}.Design|x86.ActiveCfg = Debug|Any CPU
		{1C6B89EB-A58A-4673-A70A-C00BBC325848}.Release|Any CPU.ActiveCfg = Release|Any CPU
		{1C6B89EB-A58A-4673-A70A-C00BBC325848}.Release|Any CPU.Build.0 = Release|Any CPU
		{1C6B89EB-A58A-4673-A70A-C00BBC325848}.Release|Mixed Platforms.ActiveCfg = Release|Any CPU
		{1C6B89EB-A58A-4673-A70A-C00BBC325848}.Release|Mixed Platforms.Build.0 = Release|Any CPU
		{1C6B89EB-A58A-4673-A70A-C00BBC325848}.Release|x86.ActiveCfg = Release|Any CPU
		{B77D651E-658C-45D4-972A-3C0D569D689E}.Debug|Any CPU.ActiveCfg = Debug|Any CPU
		{B77D651E-658C-45D4-972A-3C0D569D689E}.Debug|Any CPU.Build.0 = Debug|Any CPU
		{B77D651E-658C-45D4-972A-3C0D569D689E}.Debug|Mixed Platforms.ActiveCfg = Debug|Any CPU
		{B77D651E-658C-45D4-972A-3C0D569D689E}.Debug|Mixed Platforms.Build.0 = Debug|Any CPU
		{B77D651E-658C-45D4-972A-3C0D569D689E}.Debug|x86.ActiveCfg = Debug|Any CPU
		{B77D651E-658C-45D4-972A-3C0D569D689E}.Design|Any CPU.ActiveCfg = Debug|Any CPU
		{B77D651E-658C-45D4-972A-3C0D569D689E}.Design|Any CPU.Build.0 = Debug|Any CPU
		{B77D651E-658C-45D4-972A-3C0D569D689E}.Design|Mixed Platforms.ActiveCfg = Debug|Any CPU
		{B77D651E-658C-45D4-972A-3C0D569D689E}.Design|Mixed Platforms.Build.0 = Debug|Any CPU
		{B77D651E-658C-45D4-972A-3C0D569D689E}.Design|x86.ActiveCfg = Debug|Any CPU
		{B77D651E-658C-45D4-972A-3C0D569D689E}.Release|Any CPU.ActiveCfg = Release|Any CPU
		{B77D651E-658C-45D4-972A-3C0D569D689E}.Release|Any CPU.Build.0 = Release|Any CPU
		{B77D651E-658C-45D4-972A-3C0D569D689E}.Release|Mixed Platforms.ActiveCfg = Release|Any CPU
		{B77D651E-658C-45D4-972A-3C0D569D689E}.Release|Mixed Platforms.Build.0 = Release|Any CPU
		{B77D651E-658C-45D4-972A-3C0D569D689E}.Release|x86.ActiveCfg = Release|Any CPU
		{26093219-1A7A-4806-9EBE-1E2CE21CF5E8}.Debug|Any CPU.ActiveCfg = Debug|Any CPU
		{26093219-1A7A-4806-9EBE-1E2CE21CF5E8}.Debug|Any CPU.Build.0 = Debug|Any CPU
		{26093219-1A7A-4806-9EBE-1E2CE21CF5E8}.Debug|Mixed Platforms.ActiveCfg = Debug|Any CPU
		{26093219-1A7A-4806-9EBE-1E2CE21CF5E8}.Debug|Mixed Platforms.Build.0 = Debug|Any CPU
		{26093219-1A7A-4806-9EBE-1E2CE21CF5E8}.Debug|x86.ActiveCfg = Debug|Any CPU
		{26093219-1A7A-4806-9EBE-1E2CE21CF5E8}.Design|Any CPU.ActiveCfg = Debug|Any CPU
		{26093219-1A7A-4806-9EBE-1E2CE21CF5E8}.Design|Any CPU.Build.0 = Debug|Any CPU
		{26093219-1A7A-4806-9EBE-1E2CE21CF5E8}.Design|Mixed Platforms.ActiveCfg = Debug|Any CPU
		{26093219-1A7A-4806-9EBE-1E2CE21CF5E8}.Design|Mixed Platforms.Build.0 = Debug|Any CPU
		{26093219-1A7A-4806-9EBE-1E2CE21CF5E8}.Design|x86.ActiveCfg = Debug|Any CPU
		{26093219-1A7A-4806-9EBE-1E2CE21CF5E8}.Release|Any CPU.ActiveCfg = Release|Any CPU
		{26093219-1A7A-4806-9EBE-1E2CE21CF5E8}.Release|Any CPU.Build.0 = Release|Any CPU
		{26093219-1A7A-4806-9EBE-1E2CE21CF5E8}.Release|Mixed Platforms.ActiveCfg = Release|Any CPU
		{26093219-1A7A-4806-9EBE-1E2CE21CF5E8}.Release|Mixed Platforms.Build.0 = Release|Any CPU
		{26093219-1A7A-4806-9EBE-1E2CE21CF5E8}.Release|x86.ActiveCfg = Release|Any CPU
		{2BD5936F-015D-473F-9161-6B837EF3A3BA}.Debug|Any CPU.ActiveCfg = Debug|Any CPU
		{2BD5936F-015D-473F-9161-6B837EF3A3BA}.Debug|Any CPU.Build.0 = Debug|Any CPU
		{2BD5936F-015D-473F-9161-6B837EF3A3BA}.Debug|Mixed Platforms.ActiveCfg = Debug|Any CPU
		{2BD5936F-015D-473F-9161-6B837EF3A3BA}.Debug|Mixed Platforms.Build.0 = Debug|Any CPU
		{2BD5936F-015D-473F-9161-6B837EF3A3BA}.Debug|x86.ActiveCfg = Debug|Any CPU
		{2BD5936F-015D-473F-9161-6B837EF3A3BA}.Design|Any CPU.ActiveCfg = Debug|Any CPU
		{2BD5936F-015D-473F-9161-6B837EF3A3BA}.Design|Any CPU.Build.0 = Debug|Any CPU
		{2BD5936F-015D-473F-9161-6B837EF3A3BA}.Design|Mixed Platforms.ActiveCfg = Debug|Any CPU
		{2BD5936F-015D-473F-9161-6B837EF3A3BA}.Design|Mixed Platforms.Build.0 = Debug|Any CPU
		{2BD5936F-015D-473F-9161-6B837EF3A3BA}.Design|x86.ActiveCfg = Debug|Any CPU
		{2BD5936F-015D-473F-9161-6B837EF3A3BA}.Release|Any CPU.ActiveCfg = Release|Any CPU
		{2BD5936F-015D-473F-9161-6B837EF3A3BA}.Release|Any CPU.Build.0 = Release|Any CPU
		{2BD5936F-015D-473F-9161-6B837EF3A3BA}.Release|Mixed Platforms.ActiveCfg = Release|Any CPU
		{2BD5936F-015D-473F-9161-6B837EF3A3BA}.Release|Mixed Platforms.Build.0 = Release|Any CPU
		{2BD5936F-015D-473F-9161-6B837EF3A3BA}.Release|x86.ActiveCfg = Release|Any CPU
		{0858C710-AF53-4049-B98E-CFE3638D1228}.Debug|Any CPU.ActiveCfg = Debug|Any CPU
		{0858C710-AF53-4049-B98E-CFE3638D1228}.Debug|Any CPU.Build.0 = Debug|Any CPU
		{0858C710-AF53-4049-B98E-CFE3638D1228}.Debug|Mixed Platforms.ActiveCfg = Debug|Any CPU
		{0858C710-AF53-4049-B98E-CFE3638D1228}.Debug|Mixed Platforms.Build.0 = Debug|Any CPU
		{0858C710-AF53-4049-B98E-CFE3638D1228}.Debug|x86.ActiveCfg = Debug|Any CPU
		{0858C710-AF53-4049-B98E-CFE3638D1228}.Design|Any CPU.ActiveCfg = Design|Any CPU
		{0858C710-AF53-4049-B98E-CFE3638D1228}.Design|Any CPU.Build.0 = Design|Any CPU
		{0858C710-AF53-4049-B98E-CFE3638D1228}.Design|Mixed Platforms.ActiveCfg = Design|Any CPU
		{0858C710-AF53-4049-B98E-CFE3638D1228}.Design|Mixed Platforms.Build.0 = Design|Any CPU
		{0858C710-AF53-4049-B98E-CFE3638D1228}.Design|x86.ActiveCfg = Design|Any CPU
		{0858C710-AF53-4049-B98E-CFE3638D1228}.Release|Any CPU.ActiveCfg = Release|Any CPU
		{0858C710-AF53-4049-B98E-CFE3638D1228}.Release|Any CPU.Build.0 = Release|Any CPU
		{0858C710-AF53-4049-B98E-CFE3638D1228}.Release|Mixed Platforms.ActiveCfg = Release|Any CPU
		{0858C710-AF53-4049-B98E-CFE3638D1228}.Release|Mixed Platforms.Build.0 = Release|Any CPU
		{0858C710-AF53-4049-B98E-CFE3638D1228}.Release|x86.ActiveCfg = Release|Any CPU
		{85B3313B-F31A-45BE-8BF6-8AE55AE484B0}.Debug|Any CPU.ActiveCfg = Debug|Any CPU
		{85B3313B-F31A-45BE-8BF6-8AE55AE484B0}.Debug|Any CPU.Build.0 = Debug|Any CPU
		{85B3313B-F31A-45BE-8BF6-8AE55AE484B0}.Debug|Mixed Platforms.ActiveCfg = Debug|Any CPU
		{85B3313B-F31A-45BE-8BF6-8AE55AE484B0}.Debug|Mixed Platforms.Build.0 = Debug|Any CPU
		{85B3313B-F31A-45BE-8BF6-8AE55AE484B0}.Debug|x86.ActiveCfg = Debug|Any CPU
		{85B3313B-F31A-45BE-8BF6-8AE55AE484B0}.Design|Any CPU.ActiveCfg = Debug|Any CPU
		{85B3313B-F31A-45BE-8BF6-8AE55AE484B0}.Design|Any CPU.Build.0 = Debug|Any CPU
		{85B3313B-F31A-45BE-8BF6-8AE55AE484B0}.Design|Mixed Platforms.ActiveCfg = Debug|Any CPU
		{85B3313B-F31A-45BE-8BF6-8AE55AE484B0}.Design|Mixed Platforms.Build.0 = Debug|Any CPU
		{85B3313B-F31A-45BE-8BF6-8AE55AE484B0}.Design|x86.ActiveCfg = Debug|Any CPU
		{85B3313B-F31A-45BE-8BF6-8AE55AE484B0}.Release|Any CPU.ActiveCfg = Release|Any CPU
		{85B3313B-F31A-45BE-8BF6-8AE55AE484B0}.Release|Any CPU.Build.0 = Release|Any CPU
		{85B3313B-F31A-45BE-8BF6-8AE55AE484B0}.Release|Mixed Platforms.ActiveCfg = Release|Any CPU
		{85B3313B-F31A-45BE-8BF6-8AE55AE484B0}.Release|Mixed Platforms.Build.0 = Release|Any CPU
		{85B3313B-F31A-45BE-8BF6-8AE55AE484B0}.Release|x86.ActiveCfg = Release|Any CPU
		{546C0189-9339-4DE6-902A-F38550C5A517}.Debug|Any CPU.ActiveCfg = Debug|Any CPU
		{546C0189-9339-4DE6-902A-F38550C5A517}.Debug|Any CPU.Build.0 = Debug|Any CPU
		{546C0189-9339-4DE6-902A-F38550C5A517}.Debug|Mixed Platforms.ActiveCfg = Debug|Any CPU
		{546C0189-9339-4DE6-902A-F38550C5A517}.Debug|Mixed Platforms.Build.0 = Debug|Any CPU
		{546C0189-9339-4DE6-902A-F38550C5A517}.Debug|x86.ActiveCfg = Debug|Any CPU
		{546C0189-9339-4DE6-902A-F38550C5A517}.Design|Any CPU.ActiveCfg = Debug|Any CPU
		{546C0189-9339-4DE6-902A-F38550C5A517}.Design|Any CPU.Build.0 = Debug|Any CPU
		{546C0189-9339-4DE6-902A-F38550C5A517}.Design|Mixed Platforms.ActiveCfg = Debug|Any CPU
		{546C0189-9339-4DE6-902A-F38550C5A517}.Design|Mixed Platforms.Build.0 = Debug|Any CPU
		{546C0189-9339-4DE6-902A-F38550C5A517}.Design|x86.ActiveCfg = Debug|Any CPU
		{546C0189-9339-4DE6-902A-F38550C5A517}.Release|Any CPU.ActiveCfg = Release|Any CPU
		{546C0189-9339-4DE6-902A-F38550C5A517}.Release|Any CPU.Build.0 = Release|Any CPU
		{546C0189-9339-4DE6-902A-F38550C5A517}.Release|Mixed Platforms.ActiveCfg = Release|Any CPU
		{546C0189-9339-4DE6-902A-F38550C5A517}.Release|Mixed Platforms.Build.0 = Release|Any CPU
		{546C0189-9339-4DE6-902A-F38550C5A517}.Release|x86.ActiveCfg = Release|Any CPU
		{C1D244A2-A501-455E-8522-354F3E5470F8}.Debug|Any CPU.ActiveCfg = Debug|Any CPU
		{C1D244A2-A501-455E-8522-354F3E5470F8}.Debug|Any CPU.Build.0 = Debug|Any CPU
		{C1D244A2-A501-455E-8522-354F3E5470F8}.Debug|Mixed Platforms.ActiveCfg = Debug|Any CPU
		{C1D244A2-A501-455E-8522-354F3E5470F8}.Debug|Mixed Platforms.Build.0 = Debug|Any CPU
		{C1D244A2-A501-455E-8522-354F3E5470F8}.Debug|x86.ActiveCfg = Debug|Any CPU
		{C1D244A2-A501-455E-8522-354F3E5470F8}.Design|Any CPU.ActiveCfg = Debug|Any CPU
		{C1D244A2-A501-455E-8522-354F3E5470F8}.Design|Any CPU.Build.0 = Debug|Any CPU
		{C1D244A2-A501-455E-8522-354F3E5470F8}.Design|Mixed Platforms.ActiveCfg = Debug|Any CPU
		{C1D244A2-A501-455E-8522-354F3E5470F8}.Design|Mixed Platforms.Build.0 = Debug|Any CPU
		{C1D244A2-A501-455E-8522-354F3E5470F8}.Design|x86.ActiveCfg = Debug|Any CPU
		{C1D244A2-A501-455E-8522-354F3E5470F8}.Release|Any CPU.ActiveCfg = Release|Any CPU
		{C1D244A2-A501-455E-8522-354F3E5470F8}.Release|Any CPU.Build.0 = Release|Any CPU
		{C1D244A2-A501-455E-8522-354F3E5470F8}.Release|Mixed Platforms.ActiveCfg = Release|Any CPU
		{C1D244A2-A501-455E-8522-354F3E5470F8}.Release|Mixed Platforms.Build.0 = Release|Any CPU
		{C1D244A2-A501-455E-8522-354F3E5470F8}.Release|x86.ActiveCfg = Release|Any CPU
		{D10DD72D-BC4A-4B47-9568-74C29BC067CD}.Debug|Any CPU.ActiveCfg = Debug|Any CPU
		{D10DD72D-BC4A-4B47-9568-74C29BC067CD}.Debug|Any CPU.Build.0 = Debug|Any CPU
		{D10DD72D-BC4A-4B47-9568-74C29BC067CD}.Debug|Mixed Platforms.ActiveCfg = Debug|Any CPU
		{D10DD72D-BC4A-4B47-9568-74C29BC067CD}.Debug|Mixed Platforms.Build.0 = Debug|Any CPU
		{D10DD72D-BC4A-4B47-9568-74C29BC067CD}.Debug|x86.ActiveCfg = Debug|Any CPU
		{D10DD72D-BC4A-4B47-9568-74C29BC067CD}.Design|Any CPU.ActiveCfg = Debug|Any CPU
		{D10DD72D-BC4A-4B47-9568-74C29BC067CD}.Design|Any CPU.Build.0 = Debug|Any CPU
		{D10DD72D-BC4A-4B47-9568-74C29BC067CD}.Design|Mixed Platforms.ActiveCfg = Debug|Any CPU
		{D10DD72D-BC4A-4B47-9568-74C29BC067CD}.Design|Mixed Platforms.Build.0 = Debug|Any CPU
		{D10DD72D-BC4A-4B47-9568-74C29BC067CD}.Design|x86.ActiveCfg = Debug|Any CPU
		{D10DD72D-BC4A-4B47-9568-74C29BC067CD}.Release|Any CPU.ActiveCfg = Release|Any CPU
		{D10DD72D-BC4A-4B47-9568-74C29BC067CD}.Release|Any CPU.Build.0 = Release|Any CPU
		{D10DD72D-BC4A-4B47-9568-74C29BC067CD}.Release|Mixed Platforms.ActiveCfg = Release|Any CPU
		{D10DD72D-BC4A-4B47-9568-74C29BC067CD}.Release|Mixed Platforms.Build.0 = Release|Any CPU
		{D10DD72D-BC4A-4B47-9568-74C29BC067CD}.Release|x86.ActiveCfg = Release|Any CPU
	EndGlobalSection
	GlobalSection(SolutionProperties) = preSolution
		HideSolutionNode = FALSE
	EndGlobalSection
	GlobalSection(NestedProjects) = preSolution
		{3B785C04-C291-4980-84F0-E73E72024D41} = {84C3EDE0-43BE-41C6-9366-489D78305B6F}
		{9CB02949-4BE2-4196-85FD-98B440F28216} = {84C3EDE0-43BE-41C6-9366-489D78305B6F}
		{1C6B89EB-A58A-4673-A70A-C00BBC325848} = {689BA29A-6241-4117-B3DA-A74E620ADE40}
		{0858C710-AF53-4049-B98E-CFE3638D1228} = {689BA29A-6241-4117-B3DA-A74E620ADE40}
		{195BE21E-603A-4858-A805-09C59107C5A7} = {689BA29A-6241-4117-B3DA-A74E620ADE40}
		{C9AD63A5-DD1F-44E7-8612-26CBA1AF5385} = {FC7535D6-F0F4-4654-A0D1-3973B05218A1}
		{3B3E216B-6A76-49BC-B64A-4561D0A7B0CC} = {216467D2-863B-488B-ACBD-69EDA0461CBC}
		{D74766FE-4A1E-4668-879A-A85BD738F104} = {216467D2-863B-488B-ACBD-69EDA0461CBC}
		{9138D55C-FA3F-468B-ACAF-B08BC2184D7C} = {F8BFFE9D-7ACB-4D6C-A327-31D81A67805F}
		{5BB43239-C825-41D5-AA08-82AA5BDFD993} = {F8BFFE9D-7ACB-4D6C-A327-31D81A67805F}
		{B85B19F2-5C8D-4AB8-96E2-379B482089F9} = {3B785C04-C291-4980-84F0-E73E72024D41}
		{B77D651E-658C-45D4-972A-3C0D569D689E} = {3B785C04-C291-4980-84F0-E73E72024D41}
		{2BD5936F-015D-473F-9161-6B837EF3A3BA} = {3B785C04-C291-4980-84F0-E73E72024D41}
		{FD867B2E-A1C2-4052-AF79-EF69AED92597} = {3B785C04-C291-4980-84F0-E73E72024D41}
		{85B3313B-F31A-45BE-8BF6-8AE55AE484B0} = {3B785C04-C291-4980-84F0-E73E72024D41}
		{C1D244A2-A501-455E-8522-354F3E5470F8} = {3B785C04-C291-4980-84F0-E73E72024D41}
		{D10DD72D-BC4A-4B47-9568-74C29BC067CD} = {3B785C04-C291-4980-84F0-E73E72024D41}
		{0D26F900-9E0D-4FBD-B7B0-5DA679C71491} = {9138D55C-FA3F-468B-ACAF-B08BC2184D7C}
		{010B434D-86F0-4BFF-B17B-702BCCCF69F5} = {9138D55C-FA3F-468B-ACAF-B08BC2184D7C}
		{161C5DDA-F2A8-400E-9702-3C4B45FFB772} = {9138D55C-FA3F-468B-ACAF-B08BC2184D7C}
		{546C0189-9339-4DE6-902A-F38550C5A517} = {9138D55C-FA3F-468B-ACAF-B08BC2184D7C}
		{DF0E62BB-86B0-4FAC-B731-0CD62C90CEB7} = {9CB02949-4BE2-4196-85FD-98B440F28216}
		{C412C1E3-BDEC-405C-905B-B24F6EF053FF} = {9CB02949-4BE2-4196-85FD-98B440F28216}
		{26093219-1A7A-4806-9EBE-1E2CE21CF5E8} = {8CF53BA9-1FD4-4929-9682-F9DFBCF2E2F0}
		{A2BAD88B-73BB-4B79-B30B-ABFB4FD2C1C4} = {5BB43239-C825-41D5-AA08-82AA5BDFD993}
	EndGlobalSection
EndGlobal
